hash: cff3a1908ee5a950966ac6ee3faab822ad0057bbf92bea19f8a6019911522723
updated: 2017-10-18T14:19:40.714605842+05:30
imports:
- name: github.com/armon/go-radix
  version: 1fca145dffbcaa8fe914309b1ec0cfc67500fe61
- name: github.com/aws/aws-sdk-go
  version: 044a61f1536640ce1def6088c0914f5905990202
  subpackages:
  - aws
  - aws/awserr
  - aws/awsutil
  - aws/client
  - aws/client/metadata
  - aws/corehandlers
  - aws/credentials
  - aws/credentials/ec2rolecreds
  - aws/credentials/endpointcreds
  - aws/credentials/stscreds
  - aws/defaults
  - aws/ec2metadata
  - aws/endpoints
  - aws/request
  - aws/session
  - aws/signer/v4
  - internal/shareddefaults
  - private/protocol
  - private/protocol/ec2query
  - private/protocol/query
  - private/protocol/query/queryutil
  - private/protocol/rest
  - private/protocol/xml/xmlutil
  - service/ec2
  - service/sts
- name: github.com/beorn7/perks
  version: 4c0e84591b9aa9e6dcfdf3e020114cd81f89d5f9
  subpackages:
  - quantile
- name: github.com/containernetworking/cni
  version: 137b4975ecab6e1f0c24c1e3c228a50a3cfba75e
  subpackages:
  - libcni
  - pkg/invoke
  - pkg/ip
  - pkg/ns
  - pkg/types
  - pkg/types/020
  - pkg/types/current
  - pkg/utils/hwaddr
  - pkg/version
  - plugins/ipam/host-local/backend
  - plugins/ipam/host-local/backend/allocator
- name: github.com/coreos/go-iptables
  version: 259c8e6a4275d497442c721fa52204d7a58bde8b
  subpackages:
  - iptables
- name: github.com/davecgh/go-spew
  version: 782f4967f2dc4564575ca782fe2d04090b5faca8
  subpackages:
  - spew
- name: github.com/docker/distribution
  version: a97d7c0c155be14d1380c075d3197a5d89c2abc2
  repo: http://github.com:/bzub/distribution
  vcs: git
  subpackages:
  - digestset
  - reference
- name: github.com/docker/docker
  version: 89658bed64c2a8fe05a978e5b87dbec409d57a0f
  subpackages:
  - api
  - api/types
  - api/types/blkiodev
  - api/types/container
  - api/types/events
  - api/types/filters
  - api/types/image
  - api/types/mount
  - api/types/network
  - api/types/registry
  - api/types/strslice
  - api/types/swarm
  - api/types/time
  - api/types/versions
  - api/types/volume
  - client
  - pkg/ioutils
  - pkg/longpath
  - pkg/system
  - pkg/tlsconfig
- name: github.com/docker/go-connections
  version: 3ede32e2033de7505e6500d6c868c2b9ed9f169d
  subpackages:
  - nat
  - sockets
  - tlsconfig
- name: github.com/docker/go-units
  version: 0dadbb0345b35ec7ef35e228dabb8de89a65bf52
- name: github.com/docker/libnetwork
  version: 7f6d4caf15dee844a369d1bb9e4bd0020c2607bf
  repo: http://github.com:/cloudnativelabs/libnetwork
  vcs: git
  subpackages:
  - ipvs
- name: github.com/docker/libtrust
  version: aabc10ec26b754e797f9028f4589c5b7bd90dc20
- name: github.com/eapache/channels
  version: 47238d5aae8c0fefd518ef2bee46290909cf8263
- name: github.com/eapache/queue
  version: 44cc805cf13205b55f69e14bcb69867d1ae92f98
- name: github.com/emicklei/go-restful
  version: ff4f55a206334ef123e4f79bbf348980da81ca46
  subpackages:
  - log
- name: github.com/emicklei/go-restful-swagger12
  version: dcef7f55730566d41eae5db10e7d6981829720f6
- name: github.com/fsnotify/fsnotify
  version: 4da3e2cfbabc9f751898f250b49f2439785783a1
- name: github.com/ghodss/yaml
  version: 73d445a93680fa1a78ae23a5839bad48f32ba1ee
- name: github.com/go-ini/ini
  version: 5b3e00af70a9484542169a976dcab8d03e601a17
- name: github.com/go-openapi/jsonpointer
  version: 46af16f9f7b149af66e5d1bd010e3574dc06de98
- name: github.com/go-openapi/jsonreference
  version: 13c6e3589ad90f49bd3e3bbe2c2cb3d7a4142272
- name: github.com/go-openapi/spec
  version: 6aced65f8501fe1217321abf0749d354824ba2ff
- name: github.com/go-openapi/swag
  version: 1d0bd113de87027671077d3c71eb3ac5d7dbba72
- name: github.com/gogo/protobuf
  version: c0656edd0d9eab7c66d1eb0c568f9039345796f7
  subpackages:
  - proto
  - sortkeys
- name: github.com/golang/glog
  version: 23def4e6c14b4da8ac2ed8007337bc5eb5007998
- name: github.com/golang/protobuf
  version: 4bd1920723d7b7c925de087aa32e2187708897f7
  subpackages:
  - proto
  - ptypes
  - ptypes/any
  - ptypes/duration
  - ptypes/timestamp
- name: github.com/google/btree
  version: 7d79101e329e5a3adf994758c578dab82b90c017
- name: github.com/google/gofuzz
  version: 44d81051d367757e1c7c6a5a86423ece9afcf63c
- name: github.com/googleapis/gnostic
  version: 0c5108395e2debce0d731cf0287ddf7242066aba
  subpackages:
  - OpenAPIv2
  - compiler
  - extensions
- name: github.com/gregjones/httpcache
  version: 787624de3eb7bd915c329cba748687a3b22666a6
  subpackages:
  - diskcache
- name: github.com/hashicorp/golang-lru
  version: a0d98a5f288019575c6d1f4bb1573fef2d1fcdc4
  subpackages:
  - simplelru
- name: github.com/hashicorp/hcl
  version: 23c074d0eceb2b8a5bfdbb271ab780cde70f05a8
  subpackages:
  - hcl/ast
  - hcl/parser
  - hcl/scanner
  - hcl/strconv
  - hcl/token
  - json/parser
  - json/scanner
  - json/token
- name: github.com/howeyc/gopass
  version: bf9dde6d0d2c004a008c27aaee91170c786f6db8
- name: github.com/imdario/mergo
  version: 6633656539c1639d9d78127b7d47c622b5d7b6dc
- name: github.com/influxdata/influxdb
  version: 049a9a859d635440147240dd93e3b73af439fdfb
  subpackages:
  - client/v2
  - models
  - pkg/escape
- name: github.com/jmespath/go-jmespath
  version: bd40a432e4c76585ef6b72d3fd96fb9b6dc7b68d
- name: github.com/json-iterator/go
  version: 36b14963da70d11297d313183d7e6388c8510e1e
- name: github.com/juju/ratelimit
  version: 5b9ff866471762aa2ab2dced63c9fb6f53921342
- name: github.com/magiconair/properties
  version: 8d7837e64d3c1ee4e54a880c5a920ab4316fc90a
- name: github.com/mailru/easyjson
  version: d5b7844b561a7bc640052f1b935f7b800330d7e0
  subpackages:
  - buffer
  - jlexer
  - jwriter
- name: github.com/matttproud/golang_protobuf_extensions
  version: c12348ce28de40eed0136aa2b644d0ee0650e56c
  subpackages:
  - pbutil
- name: github.com/Microsoft/go-winio
  version: 78439966b38d69bf38227fbf57ac8a6fee70f69a
- name: github.com/mitchellh/mapstructure
  version: 06020f85339e21b2478f756a78e295255ffa4d6a
- name: github.com/opencontainers/go-digest
  version: 279bed98673dd5bef374d3b6e4b09e2af76183bf
- name: github.com/osrg/gobgp
  version: f615fa49a768bb358e6318e64dc42e9a6af10681
  subpackages:
  - api
  - config
  - packet/bgp
  - packet/bmp
  - packet/mrt
  - packet/rtr
  - server
  - table
  - zebra
- name: github.com/pelletier/go-toml
  version: 2009e44b6f182e34d8ce081ac2767622937ea3d4
- name: github.com/peterbourgon/diskv
  version: 5f041e8faa004a95c88a202771f4cc3e991971e6
- name: github.com/pkg/errors
  version: 2b3a18b5f0fb6b4f9190549597d3f962c02bc5eb
- name: github.com/prometheus/client_golang
  version: c5b7fccd204277076155f10851dad72b76a49317
  subpackages:
  - prometheus
  - prometheus/promhttp
- name: github.com/prometheus/client_model
  version: 6f3806018612930941127f2a7c6c453ba2c527d2
  subpackages:
  - go
- name: github.com/prometheus/common
  version: 1bab55dd05dbff384524a6a1c99006d9eb5f139b
  subpackages:
  - expfmt
  - internal/bitbucket.org/ww/goautoneg
  - model
- name: github.com/prometheus/procfs
  version: a6e9df898b1336106c743392c48ee0b71f5c4efa
  subpackages:
  - xfs
- name: github.com/PuerkitoBio/purell
  version: 8a290539e2e8629dbc4e6bad948158f790ec31f4
- name: github.com/PuerkitoBio/urlesc
  version: 5bd2802263f21d8788851d5305584c82a5c75d7e
- name: github.com/satori/go.uuid
  version: 5bf94b69c6b68ee1b541973bb8e1144db23a194b
- name: github.com/Sirupsen/logrus
  version: 89742aefa4b206dcf400792f3bd35b542998eb3b
- name: github.com/sirupsen/logrus
  version: 89742aefa4b206dcf400792f3bd35b542998eb3b
- name: github.com/spf13/afero
  version: e67d870304c4bca21331b02f414f970df13aa694
  subpackages:
  - mem
- name: github.com/spf13/cast
  version: acbeb36b902d72a7a4c18e8f3241075e7ab763e4
- name: github.com/spf13/jwalterweatherman
  version: 12bd96e66386c1960ab0f74ced1362f66f552f7b
- name: github.com/spf13/pflag
  version: 1f33b80956cde38911d1f23d764deb8d77a649ce
- name: github.com/spf13/viper
  version: d9cca5ef33035202efb1586825bdbb15ff9ec3ba
- name: github.com/vishvananda/netlink
  version: 177f1ceba557262b3f1c3aba4df93a29199fb4eb
  subpackages:
  - nl
- name: github.com/vishvananda/netns
  version: 86bef332bfc3b59b7624a600bd53009ce91a9829
- name: golang.org/x/crypto
  version: 81e90905daefcd6fd217b62423c0908922eadb30
  subpackages:
  - ssh/terminal
- name: golang.org/x/net
  version: 1c05540f6879653db88113bc4a2b70aec4bd491f
  subpackages:
  - context
  - context/ctxhttp
  - http2
  - http2/hpack
  - idna
  - internal/timeseries
  - lex/httplex
  - proxy
  - trace
- name: golang.org/x/sys
  version: 7ddbeae9ae08c6a06a59597f0c9edbc5ff2444ce
  subpackages:
  - unix
  - windows
- name: golang.org/x/text
  version: b19bf474d317b857955b12035d2c5acb57ce8b01
  subpackages:
  - cases
  - internal
  - internal/tag
  - language
  - runes
  - secure/bidirule
  - secure/precis
  - transform
  - unicode/bidi
  - unicode/norm
  - width
- name: google.golang.org/grpc
  version: 8050b9cbc271307e5a716a9d782803d09b0d6f2d
  subpackages:
  - codes
  - credentials
  - grpclog
  - internal
  - keepalive
  - metadata
  - naming
  - peer
  - stats
  - tap
  - transport
- name: gopkg.in/inf.v0
  version: 3887ee99ecf07df5b447e9b00d9c0b2adaa9f3e4
- name: gopkg.in/tomb.v2
  version: d5d1b5820637886def9eef33e03a27a9f166942c
- name: gopkg.in/yaml.v2
  version: 53feefa2559fb8dfa8d81baad31be332c97d6c77
- name: k8s.io/api
  version: 6c6dac0277229b9e9578c5ca3f74a4345d35cdc2
  subpackages:
  - admissionregistration/v1alpha1
  - apps/v1beta1
  - apps/v1beta2
  - authentication/v1
  - authentication/v1beta1
  - authorization/v1
  - authorization/v1beta1
  - autoscaling/v1
  - autoscaling/v2beta1
  - batch/v1
  - batch/v1beta1
  - batch/v2alpha1
  - certificates/v1beta1
  - core/v1
  - extensions/v1beta1
  - networking/v1
  - pkg/api/v1
  - pkg/apis/extensions/v1beta1
  - policy/v1beta1
  - rbac/v1
  - rbac/v1alpha1
  - rbac/v1beta1
  - scheduling/v1alpha1
  - settings/v1alpha1
  - storage/v1
  - storage/v1beta1
- name: k8s.io/apimachinery
  version: 9d38e20d609d27e00d4ec18f7b9db67105a2bde0
  subpackages:
  - pkg/api/equality
  - pkg/api/errors
  - pkg/api/meta
  - pkg/api/resource
  - pkg/apis/meta/internalversion
  - pkg/apis/meta/v1
  - pkg/apis/meta/v1/unstructured
  - pkg/apis/meta/v1alpha1
  - pkg/conversion
  - pkg/conversion/queryparams
  - pkg/conversion/unstructured
  - pkg/fields
  - pkg/labels
  - pkg/runtime
  - pkg/runtime/schema
  - pkg/runtime/serializer
  - pkg/runtime/serializer/json
  - pkg/runtime/serializer/protobuf
  - pkg/runtime/serializer/recognizer
  - pkg/runtime/serializer/streaming
  - pkg/runtime/serializer/versioning
  - pkg/selection
  - pkg/types
  - pkg/util/cache
  - pkg/util/clock
  - pkg/util/diff
  - pkg/util/errors
  - pkg/util/framer
  - pkg/util/intstr
  - pkg/util/json
  - pkg/util/net
  - pkg/util/runtime
  - pkg/util/sets
  - pkg/util/validation
  - pkg/util/validation/field
  - pkg/util/wait
  - pkg/util/yaml
  - pkg/version
  - pkg/watch
  - third_party/forked/golang/reflect
- name: k8s.io/client-go
  version: 1fb83015bea362f028381bc0fcfb2a4e3eb7390b
  subpackages:
  - discovery
  - kubernetes
  - kubernetes/scheme
  - kubernetes/typed/admissionregistration/v1alpha1
  - kubernetes/typed/apps/v1beta1
  - kubernetes/typed/apps/v1beta2
  - kubernetes/typed/authentication/v1
  - kubernetes/typed/authentication/v1beta1
  - kubernetes/typed/authorization/v1
  - kubernetes/typed/authorization/v1beta1
  - kubernetes/typed/autoscaling/v1
  - kubernetes/typed/autoscaling/v2beta1
  - kubernetes/typed/batch/v1
  - kubernetes/typed/batch/v1beta1
  - kubernetes/typed/batch/v2alpha1
  - kubernetes/typed/certificates/v1beta1
  - kubernetes/typed/core/v1
  - kubernetes/typed/extensions/v1beta1
  - kubernetes/typed/networking/v1
  - kubernetes/typed/policy/v1beta1
  - kubernetes/typed/rbac/v1
  - kubernetes/typed/rbac/v1alpha1
  - kubernetes/typed/rbac/v1beta1
  - kubernetes/typed/scheduling/v1alpha1
  - kubernetes/typed/settings/v1alpha1
  - kubernetes/typed/storage/v1
  - kubernetes/typed/storage/v1beta1
  - listers/core/v1
  - pkg/version
  - rest
  - rest/watch
  - tools/auth
  - tools/cache
  - tools/clientcmd
  - tools/clientcmd/api
  - tools/clientcmd/api/latest
  - tools/clientcmd/api/v1
  - tools/metrics
  - tools/pager
  - tools/reference
  - transport
  - util/cert
  - util/flowcontrol
  - util/homedir
  - util/integer
- name: k8s.io/kube-openapi
  version: 868f2f29720b192240e18284659231b440f9cda5
  subpackages:
  - pkg/common
testImports: []
